// !$*UTF8*$!
{
	archiveVersion = 1;
	classes = {
	};
	objectVersion = 46;
	objects = {

/* Begin PBXBuildFile section */
		ED3D52BD1CD5265C00FD4A77 /* EXTScope.m in Sources */ = {isa = PBXBuildFile; fileRef = ED3D52B31CD5265C00FD4A77 /* EXTScope.m */; };
		ED3D52BE1CD5265C00FD4A77 /* LLSimpleCamera.m in Sources */ = {isa = PBXBuildFile; fileRef = ED3D52B51CD5265C00FD4A77 /* LLSimpleCamera.m */; };
		ED3D52BF1CD5265C00FD4A77 /* UIBlockButton.m in Sources */ = {isa = PBXBuildFile; fileRef = ED3D52B81CD5265C00FD4A77 /* UIBlockButton.m */; };
		ED3D52C01CD5265C00FD4A77 /* UIImage+FixOrientation.m in Sources */ = {isa = PBXBuildFile; fileRef = ED3D52BA1CD5265C00FD4A77 /* UIImage+FixOrientation.m */; };
		ED3D52C11CD5265C00FD4A77 /* UIImagePickerController+Block.m in Sources */ = {isa = PBXBuildFile; fileRef = ED3D52BC1CD5265C00FD4A77 /* UIImagePickerController+Block.m */; };
		ED3D52C31CD5267700FD4A77 /* background.jpg in Resources */ = {isa = PBXBuildFile; fileRef = ED3D52C21CD5267700FD4A77 /* background.jpg */; };
		ED403BA81D858C6900A16668 /* AppDelegate.m in Sources */ = {isa = PBXBuildFile; fileRef = ED403BA31D858C6900A16668 /* AppDelegate.m */; };
		ED403BA91D858C6900A16668 /* Info.plist in Resources */ = {isa = PBXBuildFile; fileRef = ED403BA41D858C6900A16668 /* Info.plist */; };
		ED403BAA1D858C6900A16668 /* main.m in Sources */ = {isa = PBXBuildFile; fileRef = ED403BA51D858C6900A16668 /* main.m */; };
		ED403BAB1D858C6900A16668 /* ViewController.m in Sources */ = {isa = PBXBuildFile; fileRef = ED403BA71D858C6900A16668 /* ViewController.m */; };
		ED403BAE1D858E8700A16668 /* JVTWorker.m in Sources */ = {isa = PBXBuildFile; fileRef = ED403BAD1D858E8700A16668 /* JVTWorker.m */; };
		ED403BB11D858E9500A16668 /* JVTCameraAccesebility.m in Sources */ = {isa = PBXBuildFile; fileRef = ED403BB01D858E9500A16668 /* JVTCameraAccesebility.m */; };
		ED403BB41D858EA200A16668 /* JVTImageFilePicker.m in Sources */ = {isa = PBXBuildFile; fileRef = ED403BB31D858EA200A16668 /* JVTImageFilePicker.m */; };
		ED403BB71D858EB300A16668 /* JVTActionSheetAction.m in Sources */ = {isa = PBXBuildFile; fileRef = ED403BB61D858EB300A16668 /* JVTActionSheetAction.m */; };
		ED403BBA1D858EBB00A16668 /* JVTActionSheetView.m in Sources */ = {isa = PBXBuildFile; fileRef = ED403BB91D858EBB00A16668 /* JVTActionSheetView.m */; };
		ED403BBF1D858ED900A16668 /* JVTRecentImagesProvider.m in Sources */ = {isa = PBXBuildFile; fileRef = ED403BBC1D858ED900A16668 /* JVTRecentImagesProvider.m */; };
		ED403BC01D858ED900A16668 /* JVTRecetImagesCollection.m in Sources */ = {isa = PBXBuildFile; fileRef = ED403BBE1D858ED900A16668 /* JVTRecetImagesCollection.m */; };
		ED403BC51D858EE700A16668 /* JVTCameraViewPreviewVC.m in Sources */ = {isa = PBXBuildFile; fileRef = ED403BC21D858EE700A16668 /* JVTCameraViewPreviewVC.m */; };
		ED403BC61D858EE700A16668 /* JVTImagePreviewVC.m in Sources */ = {isa = PBXBuildFile; fileRef = ED403BC41D858EE700A16668 /* JVTImagePreviewVC.m */; };
		ED403BCD1D858F1200A16668 /* JVTTransitionOpenViewFullScreenDelegate.m in Sources */ = {isa = PBXBuildFile; fileRef = ED403BC81D858F1200A16668 /* JVTTransitionOpenViewFullScreenDelegate.m */; };
		ED403BCE1D858F1200A16668 /* JVTTransitionOpenViewFullScreenDismiss.m in Sources */ = {isa = PBXBuildFile; fileRef = ED403BCA1D858F1200A16668 /* JVTTransitionOpenViewFullScreenDismiss.m */; };
		ED403BCF1D858F1200A16668 /* JVTTransitionOpenViewFullScreenPresentation.m in Sources */ = {isa = PBXBuildFile; fileRef = ED403BCC1D858F1200A16668 /* JVTTransitionOpenViewFullScreenPresentation.m */; };
		ED403BD61D858F1900A16668 /* JVTTransitionOpenImageFullScreenDelegate.m in Sources */ = {isa = PBXBuildFile; fileRef = ED403BD11D858F1900A16668 /* JVTTransitionOpenImageFullScreenDelegate.m */; };
		ED403BD71D858F1900A16668 /* JVTTransitionOpenImageFullScreenDismiss.m in Sources */ = {isa = PBXBuildFile; fileRef = ED403BD31D858F1900A16668 /* JVTTransitionOpenImageFullScreenDismiss.m */; };
		ED403BD81D858F1900A16668 /* JVTTransitionOpenImageFullScreenPresentation.m in Sources */ = {isa = PBXBuildFile; fileRef = ED403BD51D858F1900A16668 /* JVTTransitionOpenImageFullScreenPresentation.m */; };
		ED403BDD1D858F3400A16668 /* JVTRecentImagesCollectionViewCell.m in Sources */ = {isa = PBXBuildFile; fileRef = ED403BDA1D858F3400A16668 /* JVTRecentImagesCollectionViewCell.m */; };
		ED403BDE1D858F3400A16668 /* JVTRecentImagesVideoCollectionViewCell.m in Sources */ = {isa = PBXBuildFile; fileRef = ED403BDC1D858F3400A16668 /* JVTRecentImagesVideoCollectionViewCell.m */; };
		ED7A8E501CB3B09800A39614 /* Main.storyboard in Resources */ = {isa = PBXBuildFile; fileRef = ED7A8E4E1CB3B09800A39614 /* Main.storyboard */; };
		ED7A8E521CB3B09800A39614 /* Assets.xcassets in Resources */ = {isa = PBXBuildFile; fileRef = ED7A8E511CB3B09800A39614 /* Assets.xcassets */; };
		ED7A8E551CB3B09800A39614 /* LaunchScreen.storyboard in Resources */ = {isa = PBXBuildFile; fileRef = ED7A8E531CB3B09800A39614 /* LaunchScreen.storyboard */; };
		ED7A8E601CB3B09800A39614 /* ImagePickerTests.m in Sources */ = {isa = PBXBuildFile; fileRef = ED7A8E5F1CB3B09800A39614 /* ImagePickerTests.m */; };
		ED7A8E6B1CB3B09800A39614 /* ImagePickerUITests.m in Sources */ = {isa = PBXBuildFile; fileRef = ED7A8E6A1CB3B09800A39614 /* ImagePickerUITests.m */; };
/* End PBXBuildFile section */

/* Begin PBXContainerItemProxy section */
		ED7A8E5C1CB3B09800A39614 /* PBXContainerItemProxy */ = {
			isa = PBXContainerItemProxy;
			containerPortal = ED7A8E3A1CB3B09800A39614 /* Project object */;
			proxyType = 1;
			remoteGlobalIDString = ED7A8E411CB3B09800A39614;
			remoteInfo = ImagePicker;
		};
		ED7A8E671CB3B09800A39614 /* PBXContainerItemProxy */ = {
			isa = PBXContainerItemProxy;
			containerPortal = ED7A8E3A1CB3B09800A39614 /* Project object */;
			proxyType = 1;
			remoteGlobalIDString = ED7A8E411CB3B09800A39614;
			remoteInfo = ImagePicker;
		};
/* End PBXContainerItemProxy section */

/* Begin PBXFileReference section */
		902546111DD6258600D53C58 /* ImagePicker.entitlements */ = {isa = PBXFileReference; lastKnownFileType = text.plist.entitlements; path = ImagePicker.entitlements; sourceTree = "<group>"; };
		ED3D52B21CD5265C00FD4A77 /* EXTScope.h */ = {isa = PBXFileReference; fileEncoding = 4; lastKnownFileType = sourcecode.c.h; path = EXTScope.h; sourceTree = "<group>"; };
		ED3D52B31CD5265C00FD4A77 /* EXTScope.m */ = {isa = PBXFileReference; fileEncoding = 4; lastKnownFileType = sourcecode.c.objc; path = EXTScope.m; sourceTree = "<group>"; };
		ED3D52B41CD5265C00FD4A77 /* LLSimpleCamera.h */ = {isa = PBXFileReference; fileEncoding = 4; lastKnownFileType = sourcecode.c.h; path = LLSimpleCamera.h; sourceTree = "<group>"; };
		ED3D52B51CD5265C00FD4A77 /* LLSimpleCamera.m */ = {isa = PBXFileReference; fileEncoding = 4; lastKnownFileType = sourcecode.c.objc; path = LLSimpleCamera.m; sourceTree = "<group>"; };
		ED3D52B61CD5265C00FD4A77 /* metamacros.h */ = {isa = PBXFileReference; fileEncoding = 4; lastKnownFileType = sourcecode.c.h; path = metamacros.h; sourceTree = "<group>"; };
		ED3D52B71CD5265C00FD4A77 /* UIBlockButton.h */ = {isa = PBXFileReference; fileEncoding = 4; lastKnownFileType = sourcecode.c.h; path = UIBlockButton.h; sourceTree = "<group>"; };
		ED3D52B81CD5265C00FD4A77 /* UIBlockButton.m */ = {isa = PBXFileReference; fileEncoding = 4; lastKnownFileType = sourcecode.c.objc; path = UIBlockButton.m; sourceTree = "<group>"; };
		ED3D52B91CD5265C00FD4A77 /* UIImage+FixOrientation.h */ = {isa = PBXFileReference; fileEncoding = 4; lastKnownFileType = sourcecode.c.h; path = "UIImage+FixOrientation.h"; sourceTree = "<group>"; };
		ED3D52BA1CD5265C00FD4A77 /* UIImage+FixOrientation.m */ = {isa = PBXFileReference; fileEncoding = 4; lastKnownFileType = sourcecode.c.objc; path = "UIImage+FixOrientation.m"; sourceTree = "<group>"; };
		ED3D52BB1CD5265C00FD4A77 /* UIImagePickerController+Block.h */ = {isa = PBXFileReference; fileEncoding = 4; lastKnownFileType = sourcecode.c.h; path = "UIImagePickerController+Block.h"; sourceTree = "<group>"; };
		ED3D52BC1CD5265C00FD4A77 /* UIImagePickerController+Block.m */ = {isa = PBXFileReference; fileEncoding = 4; lastKnownFileType = sourcecode.c.objc; path = "UIImagePickerController+Block.m"; sourceTree = "<group>"; };
		ED3D52C21CD5267700FD4A77 /* background.jpg */ = {isa = PBXFileReference; lastKnownFileType = image.jpeg; path = background.jpg; sourceTree = "<group>"; };
		ED403BA21D858C6900A16668 /* AppDelegate.h */ = {isa = PBXFileReference; fileEncoding = 4; lastKnownFileType = sourcecode.c.h; name = AppDelegate.h; path = Application/AppDelegate.h; sourceTree = "<group>"; };
		ED403BA31D858C6900A16668 /* AppDelegate.m */ = {isa = PBXFileReference; fileEncoding = 4; lastKnownFileType = sourcecode.c.objc; name = AppDelegate.m; path = Application/AppDelegate.m; sourceTree = "<group>"; };
		ED403BA41D858C6900A16668 /* Info.plist */ = {isa = PBXFileReference; fileEncoding = 4; lastKnownFileType = text.plist.xml; name = Info.plist; path = Application/Info.plist; sourceTree = "<group>"; };
		ED403BA51D858C6900A16668 /* main.m */ = {isa = PBXFileReference; fileEncoding = 4; lastKnownFileType = sourcecode.c.objc; name = main.m; path = Application/main.m; sourceTree = "<group>"; };
		ED403BA61D858C6900A16668 /* ViewController.h */ = {isa = PBXFileReference; fileEncoding = 4; lastKnownFileType = sourcecode.c.h; name = ViewController.h; path = Application/ViewController.h; sourceTree = "<group>"; };
		ED403BA71D858C6900A16668 /* ViewController.m */ = {isa = PBXFileReference; fileEncoding = 4; lastKnownFileType = sourcecode.c.objc; name = ViewController.m; path = Application/ViewController.m; sourceTree = "<group>"; };
		ED403BAC1D858E8700A16668 /* JVTWorker.h */ = {isa = PBXFileReference; fileEncoding = 4; lastKnownFileType = sourcecode.c.h; name = JVTWorker.h; path = Resource/JVTWorker.h; sourceTree = "<group>"; };
		ED403BAD1D858E8700A16668 /* JVTWorker.m */ = {isa = PBXFileReference; fileEncoding = 4; lastKnownFileType = sourcecode.c.objc; name = JVTWorker.m; path = Resource/JVTWorker.m; sourceTree = "<group>"; };
		ED403BAF1D858E9500A16668 /* JVTCameraAccesebility.h */ = {isa = PBXFileReference; fileEncoding = 4; lastKnownFileType = sourcecode.c.h; name = JVTCameraAccesebility.h; path = Resource/JVTCameraAccesebility.h; sourceTree = "<group>"; };
		ED403BB01D858E9500A16668 /* JVTCameraAccesebility.m */ = {isa = PBXFileReference; fileEncoding = 4; lastKnownFileType = sourcecode.c.objc; name = JVTCameraAccesebility.m; path = Resource/JVTCameraAccesebility.m; sourceTree = "<group>"; };
		ED403BB21D858EA200A16668 /* JVTImageFilePicker.h */ = {isa = PBXFileReference; fileEncoding = 4; lastKnownFileType = sourcecode.c.h; name = JVTImageFilePicker.h; path = Resource/JVTImageFilePicker.h; sourceTree = "<group>"; };
		ED403BB31D858EA200A16668 /* JVTImageFilePicker.m */ = {isa = PBXFileReference; fileEncoding = 4; lastKnownFileType = sourcecode.c.objc; name = JVTImageFilePicker.m; path = Resource/JVTImageFilePicker.m; sourceTree = "<group>"; };
		ED403BB51D858EB300A16668 /* JVTActionSheetAction.h */ = {isa = PBXFileReference; fileEncoding = 4; lastKnownFileType = sourcecode.c.h; name = JVTActionSheetAction.h; path = Resource/JVTActionSheetAction.h; sourceTree = "<group>"; };
		ED403BB61D858EB300A16668 /* JVTActionSheetAction.m */ = {isa = PBXFileReference; fileEncoding = 4; lastKnownFileType = sourcecode.c.objc; name = JVTActionSheetAction.m; path = Resource/JVTActionSheetAction.m; sourceTree = "<group>"; };
		ED403BB81D858EBB00A16668 /* JVTActionSheetView.h */ = {isa = PBXFileReference; fileEncoding = 4; lastKnownFileType = sourcecode.c.h; name = JVTActionSheetView.h; path = Resource/JVTActionSheetView.h; sourceTree = "<group>"; };
		ED403BB91D858EBB00A16668 /* JVTActionSheetView.m */ = {isa = PBXFileReference; fileEncoding = 4; lastKnownFileType = sourcecode.c.objc; name = JVTActionSheetView.m; path = Resource/JVTActionSheetView.m; sourceTree = "<group>"; };
		ED403BBB1D858ED900A16668 /* JVTRecentImagesProvider.h */ = {isa = PBXFileReference; fileEncoding = 4; lastKnownFileType = sourcecode.c.h; name = JVTRecentImagesProvider.h; path = Resource/JVTRecentImagesProvider.h; sourceTree = "<group>"; };
		ED403BBC1D858ED900A16668 /* JVTRecentImagesProvider.m */ = {isa = PBXFileReference; fileEncoding = 4; lastKnownFileType = sourcecode.c.objc; name = JVTRecentImagesProvider.m; path = Resource/JVTRecentImagesProvider.m; sourceTree = "<group>"; };
		ED403BBD1D858ED900A16668 /* JVTRecetImagesCollection.h */ = {isa = PBXFileReference; fileEncoding = 4; lastKnownFileType = sourcecode.c.h; name = JVTRecetImagesCollection.h; path = Resource/JVTRecetImagesCollection.h; sourceTree = "<group>"; };
		ED403BBE1D858ED900A16668 /* JVTRecetImagesCollection.m */ = {isa = PBXFileReference; fileEncoding = 4; lastKnownFileType = sourcecode.c.objc; name = JVTRecetImagesCollection.m; path = Resource/JVTRecetImagesCollection.m; sourceTree = "<group>"; };
		ED403BC11D858EE700A16668 /* JVTCameraViewPreviewVC.h */ = {isa = PBXFileReference; fileEncoding = 4; lastKnownFileType = sourcecode.c.h; name = JVTCameraViewPreviewVC.h; path = Resource/JVTCameraViewPreviewVC.h; sourceTree = "<group>"; };
		ED403BC21D858EE700A16668 /* JVTCameraViewPreviewVC.m */ = {isa = PBXFileReference; fileEncoding = 4; lastKnownFileType = sourcecode.c.objc; name = JVTCameraViewPreviewVC.m; path = Resource/JVTCameraViewPreviewVC.m; sourceTree = "<group>"; };
		ED403BC31D858EE700A16668 /* JVTImagePreviewVC.h */ = {isa = PBXFileReference; fileEncoding = 4; lastKnownFileType = sourcecode.c.h; name = JVTImagePreviewVC.h; path = Resource/JVTImagePreviewVC.h; sourceTree = "<group>"; };
		ED403BC41D858EE700A16668 /* JVTImagePreviewVC.m */ = {isa = PBXFileReference; fileEncoding = 4; lastKnownFileType = sourcecode.c.objc; name = JVTImagePreviewVC.m; path = Resource/JVTImagePreviewVC.m; sourceTree = "<group>"; };
		ED403BC71D858F1200A16668 /* JVTTransitionOpenViewFullScreenDelegate.h */ = {isa = PBXFileReference; fileEncoding = 4; lastKnownFileType = sourcecode.c.h; name = JVTTransitionOpenViewFullScreenDelegate.h; path = Resource/JVTTransitionOpenViewFullScreenDelegate.h; sourceTree = "<group>"; };
		ED403BC81D858F1200A16668 /* JVTTransitionOpenViewFullScreenDelegate.m */ = {isa = PBXFileReference; fileEncoding = 4; lastKnownFileType = sourcecode.c.objc; name = JVTTransitionOpenViewFullScreenDelegate.m; path = Resource/JVTTransitionOpenViewFullScreenDelegate.m; sourceTree = "<group>"; };
		ED403BC91D858F1200A16668 /* JVTTransitionOpenViewFullScreenDismiss.h */ = {isa = PBXFileReference; fileEncoding = 4; lastKnownFileType = sourcecode.c.h; name = JVTTransitionOpenViewFullScreenDismiss.h; path = Resource/JVTTransitionOpenViewFullScreenDismiss.h; sourceTree = "<group>"; };
		ED403BCA1D858F1200A16668 /* JVTTransitionOpenViewFullScreenDismiss.m */ = {isa = PBXFileReference; fileEncoding = 4; lastKnownFileType = sourcecode.c.objc; name = JVTTransitionOpenViewFullScreenDismiss.m; path = Resource/JVTTransitionOpenViewFullScreenDismiss.m; sourceTree = "<group>"; };
		ED403BCB1D858F1200A16668 /* JVTTransitionOpenViewFullScreenPresentation.h */ = {isa = PBXFileReference; fileEncoding = 4; lastKnownFileType = sourcecode.c.h; name = JVTTransitionOpenViewFullScreenPresentation.h; path = Resource/JVTTransitionOpenViewFullScreenPresentation.h; sourceTree = "<group>"; };
		ED403BCC1D858F1200A16668 /* JVTTransitionOpenViewFullScreenPresentation.m */ = {isa = PBXFileReference; fileEncoding = 4; lastKnownFileType = sourcecode.c.objc; name = JVTTransitionOpenViewFullScreenPresentation.m; path = Resource/JVTTransitionOpenViewFullScreenPresentation.m; sourceTree = "<group>"; };
		ED403BD01D858F1900A16668 /* JVTTransitionOpenImageFullScreenDelegate.h */ = {isa = PBXFileReference; fileEncoding = 4; lastKnownFileType = sourcecode.c.h; name = JVTTransitionOpenImageFullScreenDelegate.h; path = Resource/JVTTransitionOpenImageFullScreenDelegate.h; sourceTree = "<group>"; };
		ED403BD11D858F1900A16668 /* JVTTransitionOpenImageFullScreenDelegate.m */ = {isa = PBXFileReference; fileEncoding = 4; lastKnownFileType = sourcecode.c.objc; name = JVTTransitionOpenImageFullScreenDelegate.m; path = Resource/JVTTransitionOpenImageFullScreenDelegate.m; sourceTree = "<group>"; };
		ED403BD21D858F1900A16668 /* JVTTransitionOpenImageFullScreenDismiss.h */ = {isa = PBXFileReference; fileEncoding = 4; lastKnownFileType = sourcecode.c.h; name = JVTTransitionOpenImageFullScreenDismiss.h; path = Resource/JVTTransitionOpenImageFullScreenDismiss.h; sourceTree = "<group>"; };
		ED403BD31D858F1900A16668 /* JVTTransitionOpenImageFullScreenDismiss.m */ = {isa = PBXFileReference; fileEncoding = 4; lastKnownFileType = sourcecode.c.objc; name = JVTTransitionOpenImageFullScreenDismiss.m; path = Resource/JVTTransitionOpenImageFullScreenDismiss.m; sourceTree = "<group>"; };
		ED403BD41D858F1900A16668 /* JVTTransitionOpenImageFullScreenPresentation.h */ = {isa = PBXFileReference; fileEncoding = 4; lastKnownFileType = sourcecode.c.h; name = JVTTransitionOpenImageFullScreenPresentation.h; path = Resource/JVTTransitionOpenImageFullScreenPresentation.h; sourceTree = "<group>"; };
		ED403BD51D858F1900A16668 /* JVTTransitionOpenImageFullScreenPresentation.m */ = {isa = PBXFileReference; fileEncoding = 4; lastKnownFileType = sourcecode.c.objc; name = JVTTransitionOpenImageFullScreenPresentation.m; path = Resource/JVTTransitionOpenImageFullScreenPresentation.m; sourceTree = "<group>"; };
		ED403BD91D858F3400A16668 /* JVTRecentImagesCollectionViewCell.h */ = {isa = PBXFileReference; fileEncoding = 4; lastKnownFileType = sourcecode.c.h; name = JVTRecentImagesCollectionViewCell.h; path = Resource/JVTRecentImagesCollectionViewCell.h; sourceTree = "<group>"; };
		ED403BDA1D858F3400A16668 /* JVTRecentImagesCollectionViewCell.m */ = {isa = PBXFileReference; fileEncoding = 4; lastKnownFileType = sourcecode.c.objc; name = JVTRecentImagesCollectionViewCell.m; path = Resource/JVTRecentImagesCollectionViewCell.m; sourceTree = "<group>"; };
		ED403BDB1D858F3400A16668 /* JVTRecentImagesVideoCollectionViewCell.h */ = {isa = PBXFileReference; fileEncoding = 4; lastKnownFileType = sourcecode.c.h; name = JVTRecentImagesVideoCollectionViewCell.h; path = Resource/JVTRecentImagesVideoCollectionViewCell.h; sourceTree = "<group>"; };
		ED403BDC1D858F3400A16668 /* JVTRecentImagesVideoCollectionViewCell.m */ = {isa = PBXFileReference; fileEncoding = 4; lastKnownFileType = sourcecode.c.objc; name = JVTRecentImagesVideoCollectionViewCell.m; path = Resource/JVTRecentImagesVideoCollectionViewCell.m; sourceTree = "<group>"; };
		ED7A8E421CB3B09800A39614 /* ImagePicker.app */ = {isa = PBXFileReference; explicitFileType = wrapper.application; includeInIndex = 0; path = ImagePicker.app; sourceTree = BUILT_PRODUCTS_DIR; };
		ED7A8E461CB3B09800A39614 /* main.m */ = {isa = PBXFileReference; lastKnownFileType = sourcecode.c.objc; path = main.m; sourceTree = "<group>"; };
		ED7A8E4F1CB3B09800A39614 /* Base */ = {isa = PBXFileReference; lastKnownFileType = file.storyboard; name = Base; path = Base.lproj/Main.storyboard; sourceTree = "<group>"; };
		ED7A8E511CB3B09800A39614 /* Assets.xcassets */ = {isa = PBXFileReference; lastKnownFileType = folder.assetcatalog; path = Assets.xcassets; sourceTree = "<group>"; };
		ED7A8E541CB3B09800A39614 /* Base */ = {isa = PBXFileReference; lastKnownFileType = file.storyboard; name = Base; path = Base.lproj/LaunchScreen.storyboard; sourceTree = "<group>"; };
		ED7A8E5B1CB3B09800A39614 /* ImagePickerTests.xctest */ = {isa = PBXFileReference; explicitFileType = wrapper.cfbundle; includeInIndex = 0; path = ImagePickerTests.xctest; sourceTree = BUILT_PRODUCTS_DIR; };
		ED7A8E5F1CB3B09800A39614 /* ImagePickerTests.m */ = {isa = PBXFileReference; lastKnownFileType = sourcecode.c.objc; path = ImagePickerTests.m; sourceTree = "<group>"; };
		ED7A8E611CB3B09800A39614 /* Info.plist */ = {isa = PBXFileReference; lastKnownFileType = text.plist.xml; path = Info.plist; sourceTree = "<group>"; };
		ED7A8E661CB3B09800A39614 /* ImagePickerUITests.xctest */ = {isa = PBXFileReference; explicitFileType = wrapper.cfbundle; includeInIndex = 0; path = ImagePickerUITests.xctest; sourceTree = BUILT_PRODUCTS_DIR; };
		ED7A8E6A1CB3B09800A39614 /* ImagePickerUITests.m */ = {isa = PBXFileReference; lastKnownFileType = sourcecode.c.objc; path = ImagePickerUITests.m; sourceTree = "<group>"; };
		ED7A8E6C1CB3B09800A39614 /* Info.plist */ = {isa = PBXFileReference; lastKnownFileType = text.plist.xml; path = Info.plist; sourceTree = "<group>"; };
/* End PBXFileReference section */

/* Begin PBXFrameworksBuildPhase section */
		ED7A8E3F1CB3B09800A39614 /* Frameworks */ = {
			isa = PBXFrameworksBuildPhase;
			buildActionMask = 2147483647;
			files = (
			);
			runOnlyForDeploymentPostprocessing = 0;
		};
		ED7A8E581CB3B09800A39614 /* Frameworks */ = {
			isa = PBXFrameworksBuildPhase;
			buildActionMask = 2147483647;
			files = (
			);
			runOnlyForDeploymentPostprocessing = 0;
		};
		ED7A8E631CB3B09800A39614 /* Frameworks */ = {
			isa = PBXFrameworksBuildPhase;
			buildActionMask = 2147483647;
			files = (
			);
			runOnlyForDeploymentPostprocessing = 0;
		};
/* End PBXFrameworksBuildPhase section */

/* Begin PBXGroup section */
		ED0564551CBF92C20020524C /* DisplayControllers */ = {
			isa = PBXGroup;
			children = (
				ED403BC11D858EE700A16668 /* JVTCameraViewPreviewVC.h */,
				ED403BC21D858EE700A16668 /* JVTCameraViewPreviewVC.m */,
				ED403BC31D858EE700A16668 /* JVTImagePreviewVC.h */,
				ED403BC41D858EE700A16668 /* JVTImagePreviewVC.m */,
			);
			name = DisplayControllers;
			sourceTree = "<group>";
		};
		ED0564691CC11C810020524C /* ImageTransition */ = {
			isa = PBXGroup;
			children = (
				ED403BD01D858F1900A16668 /* JVTTransitionOpenImageFullScreenDelegate.h */,
				ED403BD11D858F1900A16668 /* JVTTransitionOpenImageFullScreenDelegate.m */,
				ED403BD21D858F1900A16668 /* JVTTransitionOpenImageFullScreenDismiss.h */,
				ED403BD31D858F1900A16668 /* JVTTransitionOpenImageFullScreenDismiss.m */,
				ED403BD41D858F1900A16668 /* JVTTransitionOpenImageFullScreenPresentation.h */,
				ED403BD51D858F1900A16668 /* JVTTransitionOpenImageFullScreenPresentation.m */,
			);
			name = ImageTransition;
			sourceTree = "<group>";
		};
		ED05646A1CC11C8E0020524C /* ViewTransition */ = {
			isa = PBXGroup;
			children = (
				ED403BC71D858F1200A16668 /* JVTTransitionOpenViewFullScreenDelegate.h */,
				ED403BC81D858F1200A16668 /* JVTTransitionOpenViewFullScreenDelegate.m */,
				ED403BC91D858F1200A16668 /* JVTTransitionOpenViewFullScreenDismiss.h */,
				ED403BCA1D858F1200A16668 /* JVTTransitionOpenViewFullScreenDismiss.m */,
				ED403BCB1D858F1200A16668 /* JVTTransitionOpenViewFullScreenPresentation.h */,
				ED403BCC1D858F1200A16668 /* JVTTransitionOpenViewFullScreenPresentation.m */,
			);
			name = ViewTransition;
			sourceTree = "<group>";
		};
		ED2B87EA1CC3BE0E0033AEE9 /* Model */ = {
			isa = PBXGroup;
			children = (
				ED403BAF1D858E9500A16668 /* JVTCameraAccesebility.h */,
				ED403BB01D858E9500A16668 /* JVTCameraAccesebility.m */,
			);
			name = Model;
			sourceTree = "<group>";
		};
		ED3D529F1CD5243900FD4A77 /* Utils */ = {
			isa = PBXGroup;
			children = (
				ED403BAC1D858E8700A16668 /* JVTWorker.h */,
				ED403BAD1D858E8700A16668 /* JVTWorker.m */,
			);
			name = Utils;
			sourceTree = "<group>";
		};
		ED3D52B01CD525E200FD4A77 /* Resource */ = {
			isa = PBXGroup;
			children = (
				ED3D52C21CD5267700FD4A77 /* background.jpg */,
			);
			path = Resource;
			sourceTree = "<group>";
		};
		ED3D52B11CD5261800FD4A77 /* Vendor */ = {
			isa = PBXGroup;
			children = (
				ED3D52B21CD5265C00FD4A77 /* EXTScope.h */,
				ED3D52B31CD5265C00FD4A77 /* EXTScope.m */,
				ED3D52B41CD5265C00FD4A77 /* LLSimpleCamera.h */,
				ED3D52B51CD5265C00FD4A77 /* LLSimpleCamera.m */,
				ED3D52B61CD5265C00FD4A77 /* metamacros.h */,
				ED3D52B71CD5265C00FD4A77 /* UIBlockButton.h */,
				ED3D52B81CD5265C00FD4A77 /* UIBlockButton.m */,
				ED3D52B91CD5265C00FD4A77 /* UIImage+FixOrientation.h */,
				ED3D52BA1CD5265C00FD4A77 /* UIImage+FixOrientation.m */,
				ED3D52BB1CD5265C00FD4A77 /* UIImagePickerController+Block.h */,
				ED3D52BC1CD5265C00FD4A77 /* UIImagePickerController+Block.m */,
			);
			path = Vendor;
			sourceTree = "<group>";
		};
		ED7A8E391CB3B09800A39614 = {
			isa = PBXGroup;
			children = (
				ED3D52B11CD5261800FD4A77 /* Vendor */,
				ED3D52B01CD525E200FD4A77 /* Resource */,
				ED7A8E441CB3B09800A39614 /* ImagePicker */,
				ED7A8E5E1CB3B09800A39614 /* ImagePickerTests */,
				ED7A8E691CB3B09800A39614 /* ImagePickerUITests */,
				ED7A8E431CB3B09800A39614 /* Products */,
			);
			sourceTree = "<group>";
		};
		ED7A8E431CB3B09800A39614 /* Products */ = {
			isa = PBXGroup;
			children = (
				ED7A8E421CB3B09800A39614 /* ImagePicker.app */,
				ED7A8E5B1CB3B09800A39614 /* ImagePickerTests.xctest */,
				ED7A8E661CB3B09800A39614 /* ImagePickerUITests.xctest */,
			);
			name = Products;
			sourceTree = "<group>";
		};
		ED7A8E441CB3B09800A39614 /* ImagePicker */ = {
			isa = PBXGroup;
			children = (
				902546111DD6258600D53C58 /* ImagePicker.entitlements */,
				ED3D529F1CD5243900FD4A77 /* Utils */,
				ED2B87EA1CC3BE0E0033AEE9 /* Model */,
				ED7A8E781CB3B0AD00A39614 /* Picker */,
				ED7A8E4E1CB3B09800A39614 /* Main.storyboard */,
				ED403BA21D858C6900A16668 /* AppDelegate.h */,
				ED403BA31D858C6900A16668 /* AppDelegate.m */,
				ED403BA41D858C6900A16668 /* Info.plist */,
				ED403BA51D858C6900A16668 /* main.m */,
				ED403BA61D858C6900A16668 /* ViewController.h */,
				ED403BA71D858C6900A16668 /* ViewController.m */,
				ED7A8E511CB3B09800A39614 /* Assets.xcassets */,
				ED7A8E531CB3B09800A39614 /* LaunchScreen.storyboard */,
				ED7A8E451CB3B09800A39614 /* Supporting Files */,
			);
			path = ImagePicker;
			sourceTree = "<group>";
		};
		ED7A8E451CB3B09800A39614 /* Supporting Files */ = {
			isa = PBXGroup;
			children = (
				ED7A8E461CB3B09800A39614 /* main.m */,
			);
			name = "Supporting Files";
			sourceTree = "<group>";
		};
		ED7A8E5E1CB3B09800A39614 /* ImagePickerTests */ = {
			isa = PBXGroup;
			children = (
				ED7A8E5F1CB3B09800A39614 /* ImagePickerTests.m */,
				ED7A8E611CB3B09800A39614 /* Info.plist */,
			);
			path = ImagePickerTests;
			sourceTree = "<group>";
		};
		ED7A8E691CB3B09800A39614 /* ImagePickerUITests */ = {
			isa = PBXGroup;
			children = (
				ED7A8E6A1CB3B09800A39614 /* ImagePickerUITests.m */,
				ED7A8E6C1CB3B09800A39614 /* Info.plist */,
			);
			path = ImagePickerUITests;
			sourceTree = "<group>";
		};
		ED7A8E781CB3B0AD00A39614 /* Picker */ = {
			isa = PBXGroup;
			children = (
				ED403BB21D858EA200A16668 /* JVTImageFilePicker.h */,
				ED403BB31D858EA200A16668 /* JVTImageFilePicker.m */,
				ED7A8EA31CB4035100A39614 /* ActionSheetView */,
				ED403BB81D858EBB00A16668 /* JVTActionSheetView.h */,
				ED403BB91D858EBB00A16668 /* JVTActionSheetView.m */,
				ED7A8E8A1CB3B56600A39614 /* RecetImagesCollection */,
			);
			name = Picker;
			sourceTree = "<group>";
		};
		ED7A8E8A1CB3B56600A39614 /* RecetImagesCollection */ = {
			isa = PBXGroup;
			children = (
				ED403BBB1D858ED900A16668 /* JVTRecentImagesProvider.h */,
				ED403BBC1D858ED900A16668 /* JVTRecentImagesProvider.m */,
				ED403BBD1D858ED900A16668 /* JVTRecetImagesCollection.h */,
				ED403BBE1D858ED900A16668 /* JVTRecetImagesCollection.m */,
				ED0564551CBF92C20020524C /* DisplayControllers */,
				ED7A8E961CB3D95D00A39614 /* TransitionDelegate */,
				ED7A8E921CB3BB6900A39614 /* Views */,
			);
			name = RecetImagesCollection;
			sourceTree = "<group>";
		};
		ED7A8E921CB3BB6900A39614 /* Views */ = {
			isa = PBXGroup;
			children = (
				ED403BD91D858F3400A16668 /* JVTRecentImagesCollectionViewCell.h */,
				ED403BDA1D858F3400A16668 /* JVTRecentImagesCollectionViewCell.m */,
				ED403BDB1D858F3400A16668 /* JVTRecentImagesVideoCollectionViewCell.h */,
				ED403BDC1D858F3400A16668 /* JVTRecentImagesVideoCollectionViewCell.m */,
			);
			name = Views;
			sourceTree = "<group>";
		};
		ED7A8E961CB3D95D00A39614 /* TransitionDelegate */ = {
			isa = PBXGroup;
			children = (
				ED05646A1CC11C8E0020524C /* ViewTransition */,
				ED0564691CC11C810020524C /* ImageTransition */,
			);
			name = TransitionDelegate;
			sourceTree = "<group>";
		};
		ED7A8EA31CB4035100A39614 /* ActionSheetView */ = {
			isa = PBXGroup;
			children = (
				ED7A8EA71CB403BE00A39614 /* ActionSheetAction */,
			);
			name = ActionSheetView;
			sourceTree = "<group>";
		};
		ED7A8EA71CB403BE00A39614 /* ActionSheetAction */ = {
			isa = PBXGroup;
			children = (
				ED403BB51D858EB300A16668 /* JVTActionSheetAction.h */,
				ED403BB61D858EB300A16668 /* JVTActionSheetAction.m */,
			);
			name = ActionSheetAction;
			sourceTree = "<group>";
		};
/* End PBXGroup section */

/* Begin PBXNativeTarget section */
		ED7A8E411CB3B09800A39614 /* ImagePicker */ = {
			isa = PBXNativeTarget;
			buildConfigurationList = ED7A8E6F1CB3B09800A39614 /* Build configuration list for PBXNativeTarget "ImagePicker" */;
			buildPhases = (
				ED7A8E3E1CB3B09800A39614 /* Sources */,
				ED7A8E3F1CB3B09800A39614 /* Frameworks */,
				ED7A8E401CB3B09800A39614 /* Resources */,
			);
			buildRules = (
			);
			dependencies = (
			);
			name = ImagePicker;
			productName = ImagePicker;
			productReference = ED7A8E421CB3B09800A39614 /* ImagePicker.app */;
			productType = "com.apple.product-type.application";
		};
		ED7A8E5A1CB3B09800A39614 /* ImagePickerTests */ = {
			isa = PBXNativeTarget;
			buildConfigurationList = ED7A8E721CB3B09800A39614 /* Build configuration list for PBXNativeTarget "ImagePickerTests" */;
			buildPhases = (
				ED7A8E571CB3B09800A39614 /* Sources */,
				ED7A8E581CB3B09800A39614 /* Frameworks */,
				ED7A8E591CB3B09800A39614 /* Resources */,
			);
			buildRules = (
			);
			dependencies = (
				ED7A8E5D1CB3B09800A39614 /* PBXTargetDependency */,
			);
			name = ImagePickerTests;
			productName = ImagePickerTests;
			productReference = ED7A8E5B1CB3B09800A39614 /* ImagePickerTests.xctest */;
			productType = "com.apple.product-type.bundle.unit-test";
		};
		ED7A8E651CB3B09800A39614 /* ImagePickerUITests */ = {
			isa = PBXNativeTarget;
			buildConfigurationList = ED7A8E751CB3B09800A39614 /* Build configuration list for PBXNativeTarget "ImagePickerUITests" */;
			buildPhases = (
				ED7A8E621CB3B09800A39614 /* Sources */,
				ED7A8E631CB3B09800A39614 /* Frameworks */,
				ED7A8E641CB3B09800A39614 /* Resources */,
			);
			buildRules = (
			);
			dependencies = (
				ED7A8E681CB3B09800A39614 /* PBXTargetDependency */,
			);
			name = ImagePickerUITests;
			productName = ImagePickerUITests;
			productReference = ED7A8E661CB3B09800A39614 /* ImagePickerUITests.xctest */;
			productType = "com.apple.product-type.bundle.ui-testing";
		};
/* End PBXNativeTarget section */

/* Begin PBXProject section */
		ED7A8E3A1CB3B09800A39614 /* Project object */ = {
			isa = PBXProject;
			attributes = {
				LastUpgradeCheck = 0730;
				ORGANIZATIONNAME = "Matan Cohen";
				TargetAttributes = {
					ED7A8E411CB3B09800A39614 = {
						CreatedOnToolsVersion = 7.3;
						DevelopmentTeam = PH85M24H5K;
						SystemCapabilities = {
							com.apple.iCloud = {
								enabled = 0;
							};
						};
					};
					ED7A8E5A1CB3B09800A39614 = {
						CreatedOnToolsVersion = 7.3;
						TestTargetID = ED7A8E411CB3B09800A39614;
					};
					ED7A8E651CB3B09800A39614 = {
						CreatedOnToolsVersion = 7.3;
						TestTargetID = ED7A8E411CB3B09800A39614;
					};
				};
			};
			buildConfigurationList = ED7A8E3D1CB3B09800A39614 /* Build configuration list for PBXProject "ImagePicker" */;
			compatibilityVersion = "Xcode 3.2";
			developmentRegion = English;
			hasScannedForEncodings = 0;
			knownRegions = (
				en,
				Base,
			);
			mainGroup = ED7A8E391CB3B09800A39614;
			productRefGroup = ED7A8E431CB3B09800A39614 /* Products */;
			projectDirPath = "";
			projectRoot = "";
			targets = (
				ED7A8E411CB3B09800A39614 /* ImagePicker */,
				ED7A8E5A1CB3B09800A39614 /* ImagePickerTests */,
				ED7A8E651CB3B09800A39614 /* ImagePickerUITests */,
			);
		};
/* End PBXProject section */

/* Begin PBXResourcesBuildPhase section */
		ED7A8E401CB3B09800A39614 /* Resources */ = {
			isa = PBXResourcesBuildPhase;
			buildActionMask = 2147483647;
			files = (
				ED7A8E551CB3B09800A39614 /* LaunchScreen.storyboard in Resources */,
				ED3D52C31CD5267700FD4A77 /* background.jpg in Resources */,
				ED7A8E521CB3B09800A39614 /* Assets.xcassets in Resources */,
				ED403BA91D858C6900A16668 /* Info.plist in Resources */,
				ED7A8E501CB3B09800A39614 /* Main.storyboard in Resources */,
			);
			runOnlyForDeploymentPostprocessing = 0;
		};
		ED7A8E591CB3B09800A39614 /* Resources */ = {
			isa = PBXResourcesBuildPhase;
			buildActionMask = 2147483647;
			files = (
			);
			runOnlyForDeploymentPostprocessing = 0;
		};
		ED7A8E641CB3B09800A39614 /* Resources */ = {
			isa = PBXResourcesBuildPhase;
			buildActionMask = 2147483647;
			files = (
			);
			runOnlyForDeploymentPostprocessing = 0;
		};
/* End PBXResourcesBuildPhase section */

/* Begin PBXSourcesBuildPhase section */
		ED7A8E3E1CB3B09800A39614 /* Sources */ = {
			isa = PBXSourcesBuildPhase;
			buildActionMask = 2147483647;
			files = (
				ED403BBF1D858ED900A16668 /* JVTRecentImagesProvider.m in Sources */,
				ED403BB71D858EB300A16668 /* JVTActionSheetAction.m in Sources */,
				ED403BC51D858EE700A16668 /* JVTCameraViewPreviewVC.m in Sources */,
				ED403BD81D858F1900A16668 /* JVTTransitionOpenImageFullScreenPresentation.m in Sources */,
				ED3D52BE1CD5265C00FD4A77 /* LLSimpleCamera.m in Sources */,
				ED403BCE1D858F1200A16668 /* JVTTransitionOpenViewFullScreenDismiss.m in Sources */,
				ED403BCD1D858F1200A16668 /* JVTTransitionOpenViewFullScreenDelegate.m in Sources */,
				ED3D52C11CD5265C00FD4A77 /* UIImagePickerController+Block.m in Sources */,
				ED403BC01D858ED900A16668 /* JVTRecetImagesCollection.m in Sources */,
				ED403BAE1D858E8700A16668 /* JVTWorker.m in Sources */,
				ED403BDD1D858F3400A16668 /* JVTRecentImagesCollectionViewCell.m in Sources */,
				ED403BAB1D858C6900A16668 /* ViewController.m in Sources */,
				ED403BB41D858EA200A16668 /* JVTImageFilePicker.m in Sources */,
				ED3D52BF1CD5265C00FD4A77 /* UIBlockButton.m in Sources */,
				ED403BCF1D858F1200A16668 /* JVTTransitionOpenViewFullScreenPresentation.m in Sources */,
				ED3D52BD1CD5265C00FD4A77 /* EXTScope.m in Sources */,
				ED403BAA1D858C6900A16668 /* main.m in Sources */,
				ED403BB11D858E9500A16668 /* JVTCameraAccesebility.m in Sources */,
				ED403BD71D858F1900A16668 /* JVTTransitionOpenImageFullScreenDismiss.m in Sources */,
				ED403BBA1D858EBB00A16668 /* JVTActionSheetView.m in Sources */,
				ED403BA81D858C6900A16668 /* AppDelegate.m in Sources */,
				ED403BDE1D858F3400A16668 /* JVTRecentImagesVideoCollectionViewCell.m in Sources */,
				ED403BD61D858F1900A16668 /* JVTTransitionOpenImageFullScreenDelegate.m in Sources */,
				ED403BC61D858EE700A16668 /* JVTImagePreviewVC.m in Sources */,
				ED3D52C01CD5265C00FD4A77 /* UIImage+FixOrientation.m in Sources */,
			);
			runOnlyForDeploymentPostprocessing = 0;
		};
		ED7A8E571CB3B09800A39614 /* Sources */ = {
			isa = PBXSourcesBuildPhase;
			buildActionMask = 2147483647;
			files = (
				ED7A8E601CB3B09800A39614 /* ImagePickerTests.m in Sources */,
			);
			runOnlyForDeploymentPostprocessing = 0;
		};
		ED7A8E621CB3B09800A39614 /* Sources */ = {
			isa = PBXSourcesBuildPhase;
			buildActionMask = 2147483647;
			files = (
				ED7A8E6B1CB3B09800A39614 /* ImagePickerUITests.m in Sources */,
			);
			runOnlyForDeploymentPostprocessing = 0;
		};
/* End PBXSourcesBuildPhase section */

/* Begin PBXTargetDependency section */
		ED7A8E5D1CB3B09800A39614 /* PBXTargetDependency */ = {
			isa = PBXTargetDependency;
			target = ED7A8E411CB3B09800A39614 /* ImagePicker */;
			targetProxy = ED7A8E5C1CB3B09800A39614 /* PBXContainerItemProxy */;
		};
		ED7A8E681CB3B09800A39614 /* PBXTargetDependency */ = {
			isa = PBXTargetDependency;
			target = ED7A8E411CB3B09800A39614 /* ImagePicker */;
			targetProxy = ED7A8E671CB3B09800A39614 /* PBXContainerItemProxy */;
		};
/* End PBXTargetDependency section */

/* Begin PBXVariantGroup section */
		ED7A8E4E1CB3B09800A39614 /* Main.storyboard */ = {
			isa = PBXVariantGroup;
			children = (
				ED7A8E4F1CB3B09800A39614 /* Base */,
			);
			name = Main.storyboard;
			sourceTree = "<group>";
		};
		ED7A8E531CB3B09800A39614 /* LaunchScreen.storyboard */ = {
			isa = PBXVariantGroup;
			children = (
				ED7A8E541CB3B09800A39614 /* Base */,
			);
			name = LaunchScreen.storyboard;
			sourceTree = "<group>";
		};
/* End PBXVariantGroup section */

/* Begin XCBuildConfiguration section */
		ED7A8E6D1CB3B09800A39614 /* Debug */ = {
			isa = XCBuildConfiguration;
			buildSettings = {
				ALWAYS_SEARCH_USER_PATHS = NO;
				CLANG_ANALYZER_NONNULL = YES;
				CLANG_CXX_LANGUAGE_STANDARD = "gnu++0x";
				CLANG_CXX_LIBRARY = "libc++";
				CLANG_ENABLE_MODULES = YES;
				CLANG_ENABLE_OBJC_ARC = YES;
				CLANG_WARN_BOOL_CONVERSION = YES;
				CLANG_WARN_CONSTANT_CONVERSION = YES;
				CLANG_WARN_DIRECT_OBJC_ISA_USAGE = YES_ERROR;
				CLANG_WARN_EMPTY_BODY = YES;
				CLANG_WARN_ENUM_CONVERSION = YES;
				CLANG_WARN_INT_CONVERSION = YES;
				CLANG_WARN_OBJC_ROOT_CLASS = YES_ERROR;
				CLANG_WARN_UNREACHABLE_CODE = YES;
				CLANG_WARN__DUPLICATE_METHOD_MATCH = YES;
				CODE_SIGN_IDENTITY = "";
				"CODE_SIGN_IDENTITY[sdk=iphoneos*]" = "iPhone Developer";
				COPY_PHASE_STRIP = NO;
				DEBUG_INFORMATION_FORMAT = dwarf;
				ENABLE_STRICT_OBJC_MSGSEND = YES;
				ENABLE_TESTABILITY = YES;
				GCC_C_LANGUAGE_STANDARD = gnu99;
				GCC_DYNAMIC_NO_PIC = NO;
				GCC_NO_COMMON_BLOCKS = YES;
				GCC_OPTIMIZATION_LEVEL = 0;
				GCC_PREPROCESSOR_DEFINITIONS = (
					"DEBUG=1",
					"$(inherited)",
				);
				GCC_WARN_64_TO_32_BIT_CONVERSION = YES;
				GCC_WARN_ABOUT_RETURN_TYPE = YES_ERROR;
				GCC_WARN_UNDECLARED_SELECTOR = YES;
				GCC_WARN_UNINITIALIZED_AUTOS = YES_AGGRESSIVE;
				GCC_WARN_UNUSED_FUNCTION = YES;
				GCC_WARN_UNUSED_VARIABLE = YES;
				IPHONEOS_DEPLOYMENT_TARGET = 9.3;
				MTL_ENABLE_DEBUG_INFO = YES;
				ONLY_ACTIVE_ARCH = YES;
				SDKROOT = iphoneos;
				TARGETED_DEVICE_FAMILY = "1,2";
			};
			name = Debug;
		};
		ED7A8E6E1CB3B09800A39614 /* Release */ = {
			isa = XCBuildConfiguration;
			buildSettings = {
				ALWAYS_SEARCH_USER_PATHS = NO;
				CLANG_ANALYZER_NONNULL = YES;
				CLANG_CXX_LANGUAGE_STANDARD = "gnu++0x";
				CLANG_CXX_LIBRARY = "libc++";
				CLANG_ENABLE_MODULES = YES;
				CLANG_ENABLE_OBJC_ARC = YES;
				CLANG_WARN_BOOL_CONVERSION = YES;
				CLANG_WARN_CONSTANT_CONVERSION = YES;
				CLANG_WARN_DIRECT_OBJC_ISA_USAGE = YES_ERROR;
				CLANG_WARN_EMPTY_BODY = YES;
				CLANG_WARN_ENUM_CONVERSION = YES;
				CLANG_WARN_INT_CONVERSION = YES;
				CLANG_WARN_OBJC_ROOT_CLASS = YES_ERROR;
				CLANG_WARN_UNREACHABLE_CODE = YES;
				CLANG_WARN__DUPLICATE_METHOD_MATCH = YES;
				"CODE_SIGN_IDENTITY[sdk=iphoneos*]" = "iPhone Developer";
				COPY_PHASE_STRIP = NO;
				DEBUG_INFORMATION_FORMAT = "dwarf-with-dsym";
				ENABLE_NS_ASSERTIONS = NO;
				ENABLE_STRICT_OBJC_MSGSEND = YES;
				GCC_C_LANGUAGE_STANDARD = gnu99;
				GCC_NO_COMMON_BLOCKS = YES;
				GCC_WARN_64_TO_32_BIT_CONVERSION = YES;
				GCC_WARN_ABOUT_RETURN_TYPE = YES_ERROR;
				GCC_WARN_UNDECLARED_SELECTOR = YES;
				GCC_WARN_UNINITIALIZED_AUTOS = YES_AGGRESSIVE;
				GCC_WARN_UNUSED_FUNCTION = YES;
				GCC_WARN_UNUSED_VARIABLE = YES;
				IPHONEOS_DEPLOYMENT_TARGET = 9.3;
				MTL_ENABLE_DEBUG_INFO = NO;
				SDKROOT = iphoneos;
				TARGETED_DEVICE_FAMILY = "1,2";
				VALIDATE_PRODUCT = YES;
			};
			name = Release;
		};
		ED7A8E701CB3B09800A39614 /* Debug */ = {
			isa = XCBuildConfiguration;
			buildSettings = {
				ASSETCATALOG_COMPILER_APPICON_NAME = AppIcon;
				CODE_SIGN_IDENTITY = "iPhone Developer: Matan Cohen (V88TJNTSQC)";
				"CODE_SIGN_IDENTITY[sdk=iphoneos*]" = "iPhone Developer";
				DEVELOPMENT_TEAM = PH85M24H5K;
				HEADER_SEARCH_PATHS = (
					"$(SRCROOT)/Vendor/include/**",
					"$(SRCROOT)/Resource/include/**",
				);
				INFOPLIST_FILE = ImagePicker/Application/Info.plist;
				LD_RUNPATH_SEARCH_PATHS = "$(inherited) @executable_path/Frameworks";
				PRODUCT_BUNDLE_IDENTIFIER = com.mc.JV.ImagePicker.;
				PRODUCT_NAME = "$(TARGET_NAME)";
				PROVISIONING_PROFILE = "e16e9ca9-d300-4821-87e9-a403189f0404";
				PROVISIONING_PROFILE_SPECIFIER = MemoriaXc8;
			};
			name = Debug;
		};
		ED7A8E711CB3B09800A39614 /* Release */ = {
			isa = XCBuildConfiguration;
			buildSettings = {
				ASSETCATALOG_COMPILER_APPICON_NAME = AppIcon;
				CODE_SIGN_IDENTITY = "iPhone Developer: Matan Cohen (V88TJNTSQC)";
				"CODE_SIGN_IDENTITY[sdk=iphoneos*]" = "iPhone Developer";
				HEADER_SEARCH_PATHS = (
					"$(SRCROOT)/Vendor/include/**",
					"$(SRCROOT)/Resource/include/**",
				);
				INFOPLIST_FILE = ImagePicker/Application/Info.plist;
				LD_RUNPATH_SEARCH_PATHS = "$(inherited) @executable_path/Frameworks";
				PRODUCT_BUNDLE_IDENTIFIER = com.mc.JV.ImagePicker.;
				PRODUCT_NAME = "$(TARGET_NAME)";
				PROVISIONING_PROFILE = "7c603ede-813f-426b-9acf-ecd9208e16cd";
			};
			name = Release;
		};
		ED7A8E731CB3B09800A39614 /* Debug */ = {
			isa = XCBuildConfiguration;
			buildSettings = {
				BUNDLE_LOADER = "$(TEST_HOST)";
				INFOPLIST_FILE = ImagePickerTests/Info.plist;
				LD_RUNPATH_SEARCH_PATHS = "$(inherited) @executable_path/Frameworks @loader_path/Frameworks";
				PRODUCT_BUNDLE_IDENTIFIER = JV.ImagePickerTests;
				PRODUCT_NAME = "$(TARGET_NAME)";
				TEST_HOST = "$(BUILT_PRODUCTS_DIR)/ImagePicker.app/ImagePicker";
			};
			name = Debug;
		};
		ED7A8E741CB3B09800A39614 /* Release */ = {
			isa = XCBuildConfiguration;
			buildSettings = {
				BUNDLE_LOADER = "$(TEST_HOST)";
				INFOPLIST_FILE = ImagePickerTests/Info.plist;
				LD_RUNPATH_SEARCH_PATHS = "$(inherited) @executable_path/Frameworks @loader_path/Frameworks";
				PRODUCT_BUNDLE_IDENTIFIER = JV.ImagePickerTests;
				PRODUCT_NAME = "$(TARGET_NAME)";
				TEST_HOST = "$(BUILT_PRODUCTS_DIR)/ImagePicker.app/ImagePicker";
			};
			name = Release;
		};
		ED7A8E761CB3B09800A39614 /* Debug */ = {
			isa = XCBuildConfiguration;
			buildSettings = {
				INFOPLIST_FILE = ImagePickerUITests/Info.plist;
				LD_RUNPATH_SEARCH_PATHS = "$(inherited) @executable_path/Frameworks @loader_path/Frameworks";
				PRODUCT_BUNDLE_IDENTIFIER = JV.ImagePickerUITests;
				PRODUCT_NAME = "$(TARGET_NAME)";
				TEST_TARGET_NAME = ImagePicker;
			};
			name = Debug;
		};
		ED7A8E771CB3B09800A39614 /* Release */ = {
			isa = XCBuildConfiguration;
			buildSettings = {
				INFOPLIST_FILE = ImagePickerUITests/Info.plist;
				LD_RUNPATH_SEARCH_PATHS = "$(inherited) @executable_path/Frameworks @loader_path/Frameworks";
				PRODUCT_BUNDLE_IDENTIFIER = JV.ImagePickerUITests;
				PRODUCT_NAME = "$(TARGET_NAME)";
				TEST_TARGET_NAME = ImagePicker;
			};
			name = Release;
		};
/* End XCBuildConfiguration section */

/* Begin XCConfigurationList section */
		ED7A8E3D1CB3B09800A39614 /* Build configuration list for PBXProject "ImagePicker" */ = {
			isa = XCConfigurationList;
			buildConfigurations = (
				ED7A8E6D1CB3B09800A39614 /* Debug */,
				ED7A8E6E1CB3B09800A39614 /* Release */,
			);
			defaultConfigurationIsVisible = 0;
			defaultConfigurationName = Release;
		};
		ED7A8E6F1CB3B09800A39614 /* Build configuration list for PBXNativeTarget "ImagePicker" */ = {
			isa = XCConfigurationList;
			buildConfigurations = (
				ED7A8E701CB3B09800A39614 /* Debug */,
				ED7A8E711CB3B09800A39614 /* Release */,
			);
			defaultConfigurationIsVisible = 0;
			defaultConfigurationName = Release;
		};
		ED7A8E721CB3B09800A39614 /* Build configuration list for PBXNativeTarget "ImagePickerTests" */ = {
			isa = XCConfigurationList;
			buildConfigurations = (
				ED7A8E731CB3B09800A39614 /* Debug */,
				ED7A8E741CB3B09800A39614 /* Release */,
			);
			defaultConfigurationIsVisible = 0;
			defaultConfigurationName = Release;
		};
		ED7A8E751CB3B09800A39614 /* Build configuration list for PBXNativeTarget "ImagePickerUITests" */ = {
			isa = XCConfigurationList;
			buildConfigurations = (
				ED7A8E761CB3B09800A39614 /* Debug */,
				ED7A8E771CB3B09800A39614 /* Release */,
			);
			defaultConfigurationIsVisible = 0;
			defaultConfigurationName = Release;
		};
/* End XCConfigurationList section */
	};
	rootObject = ED7A8E3A1CB3B09800A39614 /* Project object */;
}
